# THIS IS AN AUTOGENERATED FILE. DO NOT EDIT THIS FILE DIRECTLY.
# yarn lockfile v1


"@now/node-bridge@^1.2.0":
  version "1.2.0"
  resolved "https://registry.yarnpkg.com/@now/node-bridge/-/node-bridge-1.2.0.tgz#28da8d454cf4767c8f70cc9a71cc7c7898146fca"
  integrity sha512-GfntqkLJaHoaUZEhzTwz0oGBelHcyaxvDQEBYl+05ao+RIeKRoxJKum3rhSae2hR+cTD4zRu90GP5kI7Z+M78Q==

"@now/node@^0.9.0":
  version "0.9.0"
  resolved "https://registry.yarnpkg.com/@now/node/-/node-0.9.0.tgz#26814e3d74b02af17704686e8797862ba0abbe79"
  integrity sha512-AfbPKB9DmyemGbG3DYuw+epb4lmxOgiZ7PakKlocVaPl68W6NWElTE3ns9453ZV6Dj+F9LHeZ3TAbyyxEzsMgg==
  dependencies:
    "@now/node-bridge" "^1.2.0"
    "@types/node" "*"
    "@zeit/ncc" "0.18.5"
    "@zeit/ncc-watcher" "1.0.3"
    fs-extra "7.0.1"

"@types/node@*":
  version "12.0.10"
  resolved "https://registry.yarnpkg.com/@types/node/-/node-12.0.10.tgz#51babf9c7deadd5343620055fc8aff7995c8b031"
  integrity sha512-LcsGbPomWsad6wmMNv7nBLw7YYYyfdYcz6xryKYQhx89c3XXan+8Q6AJ43G5XDIaklaVkK3mE4fCb0SBvMiPSQ==

"@zeit/ncc-watcher@1.0.3":
  version "1.0.3"
  resolved "https://registry.yarnpkg.com/@zeit/ncc-watcher/-/ncc-watcher-1.0.3.tgz#c4569d13db7b80a96a7672047c069400e69913ae"
  integrity sha512-367wm9bGMBCwT8kHQckw8UY/iYhC9rdzj357FBoM0SjVvWv53yziEmd12RkeF1EsBs0F2a1uBYdUaUvGo6LfkA==
  dependencies:
    "@zeit/ncc" "^0.18.5"

"@zeit/ncc@0.18.5", "@zeit/ncc@^0.18.5":
  version "0.18.5"
  resolved "https://registry.yarnpkg.com/@zeit/ncc/-/ncc-0.18.5.tgz#5687df6c32f1a2e2486aa110b3454ccebda4fb9c"
  integrity sha512-F+SbvEAh8rchiRXqQbmD1UmbePY7dCOKTbvfFtbVbK2xMH/tyri5YKfNxXKK7eL9EWkkbqB3NTVQO6nokApeBA==

fs-extra@7.0.1:
  version "7.0.1"
  resolved "https://registry.yarnpkg.com/fs-extra/-/fs-extra-7.0.1.tgz#4f189c44aa123b895f722804f55ea23eadc348e9"
  integrity sha512-YJDaCJZEnBmcbw13fvdAM9AwNOJwOzrE4pqMqBq5nFiEqXUqHwlK4B+3pUw6JNvfSPtX05xFHtYy/1ni01eGCw==
  dependencies:
    graceful-fs "^4.1.2"
    jsonfile "^4.0.0"
    universalify "^0.1.0"

graceful-fs@^4.1.2, graceful-fs@^4.1.6:
  version "4.1.15"
  resolved "https://registry.yarnpkg.com/graceful-fs/-/graceful-fs-4.1.15.tgz#ffb703e1066e8a0eeaa4c8b80ba9253eeefbfb00"
  integrity sha512-6uHUhOPEBgQ24HM+r6b/QwWfZq+yiFcipKFrOFiBEnWdy5sdzYoi+pJeQaPI5qOLRFqWmAXUPQNsielzdLoecA==

jsonfile@^4.0.0:
  version "4.0.0"
  resolved "https://registry.yarnpkg.com/jsonfile/-/jsonfile-4.0.0.tgz#8771aae0799b64076b76640fca058f9c10e33ecb"
  integrity sha1-h3Gq4HmbZAdrdmQPygWPnBDjPss=
  optionalDependencies:
    graceful-fs "^4.1.6"

moment@^2.24.0:
  version "2.24.0"
  resolved "https://registry.yarnpkg.com/moment/-/moment-2.24.0.tgz#0d055d53f5052aa653c9f6eb68bb5d12bf5c2b5b"
  integrity sha512-bV7f+6l2QigeBBZSM/6yTNq4P2fNpSWj/0e7jQcy87A8e7o2nAfP/34/2ky5Vw4B9S446EtIhodAzkFCcR4dQg==

universalify@^0.1.0:
  version "0.1.2"
  resolved "https://registry.yarnpkg.com/universalify/-/universalify-0.1.2.tgz#b646f69be3942dabcecc9d6639c80dc105efaa66"
  integrity sha512-rBJeI5CXAlmy1pV+617WB9J63U6XcazHHF2f2dbJix4XzpUF0RS3Zbj0FGIOCAva5P/d/GBOYaACQ1w+0azUkg==
